
Microsoft Visual Studio Solution File, Format Version 12.00
# Visual Studio 15
VisualStudioVersion = 15.0.26124.0
MinimumVisualStudioVersion = 15.0.26124.0
Project("{FAE04EC0-301F-11D3-BF4B-00C04F79EFBC}") = "Notes.Model", "Notes.Model\Notes.Model.csproj", "{86494B6A-D60E-4528-8A95-4EE4030300F2}"
EndProject
Project("{FAE04EC0-301F-11D3-BF4B-00C04F79EFBC}") = "Notes.Persistence", "Notes.Persistence\Notes.Persistence.csproj", "{D39EF566-01F2-40EA-8E89-CFF2A6CEF1FD}"
EndProject
Project("{FAE04EC0-301F-11D3-BF4B-00C04F79EFBC}") = "Notes.WebApi", "Notes.WebApi\Notes.WebApi.csproj", "{87EE7C2D-9970-460C-B32F-AC872FC5116F}"
EndProject
Global
	GlobalSection(SolutionConfigurationPlatforms) = preSolution
		Debug|Any CPU = Debug|Any CPU
		Debug|x64 = Debug|x64
		Debug|x86 = Debug|x86
		Release|Any CPU = Release|Any CPU
		Release|x64 = Release|x64
		Release|x86 = Release|x86
	EndGlobalSection
	GlobalSection(SolutionProperties) = preSolution
		HideSolutionNode = FALSE
	EndGlobalSection
	GlobalSection(ProjectConfigurationPlatforms) = postSolution
		{86494B6A-D60E-4528-8A95-4EE4030300F2}.Debug|Any CPU.ActiveCfg = Debug|Any CPU
		{86494B6A-D60E-4528-8A95-4EE4030300F2}.Debug|Any CPU.Build.0 = Debug|Any CPU
		{86494B6A-D60E-4528-8A95-4EE4030300F2}.Debug|x64.ActiveCfg = Debug|x64
		{86494B6A-D60E-4528-8A95-4EE4030300F2}.Debug|x64.Build.0 = Debug|x64
		{86494B6A-D60E-4528-8A95-4EE4030300F2}.Debug|x86.ActiveCfg = Debug|x86
		{86494B6A-D60E-4528-8A95-4EE4030300F2}.Debug|x86.Build.0 = Debug|x86
		{86494B6A-D60E-4528-8A95-4EE4030300F2}.Release|Any CPU.ActiveCfg = Release|Any CPU
		{86494B6A-D60E-4528-8A95-4EE4030300F2}.Release|Any CPU.Build.0 = Release|Any CPU
		{86494B6A-D60E-4528-8A95-4EE4030300F2}.Release|x64.ActiveCfg = Release|x64
		{86494B6A-D60E-4528-8A95-4EE4030300F2}.Release|x64.Build.0 = Release|x64
		{86494B6A-D60E-4528-8A95-4EE4030300F2}.Release|x86.ActiveCfg = Release|x86
		{86494B6A-D60E-4528-8A95-4EE4030300F2}.Release|x86.Build.0 = Release|x86
		{D39EF566-01F2-40EA-8E89-CFF2A6CEF1FD}.Debug|Any CPU.ActiveCfg = Debug|Any CPU
		{D39EF566-01F2-40EA-8E89-CFF2A6CEF1FD}.Debug|Any CPU.Build.0 = Debug|Any CPU
		{D39EF566-01F2-40EA-8E89-CFF2A6CEF1FD}.Debug|x64.ActiveCfg = Debug|x64
		{D39EF566-01F2-40EA-8E89-CFF2A6CEF1FD}.Debug|x64.Build.0 = Debug|x64
		{D39EF566-01F2-40EA-8E89-CFF2A6CEF1FD}.Debug|x86.ActiveCfg = Debug|x86
		{D39EF566-01F2-40EA-8E89-CFF2A6CEF1FD}.Debug|x86.Build.0 = Debug|x86
		{D39EF566-01F2-40EA-8E89-CFF2A6CEF1FD}.Release|Any CPU.ActiveCfg = Release|Any CPU
		{D39EF566-01F2-40EA-8E89-CFF2A6CEF1FD}.Release|Any CPU.Build.0 = Release|Any CPU
		{D39EF566-01F2-40EA-8E89-CFF2A6CEF1FD}.Release|x64.ActiveCfg = Release|x64
		{D39EF566-01F2-40EA-8E89-CFF2A6CEF1FD}.Release|x64.Build.0 = Release|x64
		{D39EF566-01F2-40EA-8E89-CFF2A6CEF1FD}.Release|x86.ActiveCfg = Release|x86
		{D39EF566-01F2-40EA-8E89-CFF2A6CEF1FD}.Release|x86.Build.0 = Release|x86
		{87EE7C2D-9970-460C-B32F-AC872FC5116F}.Debug|Any CPU.ActiveCfg = Debug|Any CPU
		{87EE7C2D-9970-460C-B32F-AC872FC5116F}.Debug|Any CPU.Build.0 = Debug|Any CPU
		{87EE7C2D-9970-460C-B32F-AC872FC5116F}.Debug|x64.ActiveCfg = Debug|x64
		{87EE7C2D-9970-460C-B32F-AC872FC5116F}.Debug|x64.Build.0 = Debug|x64
		{87EE7C2D-9970-460C-B32F-AC872FC5116F}.Debug|x86.ActiveCfg = Debug|x86
		{87EE7C2D-9970-460C-B32F-AC872FC5116F}.Debug|x86.Build.0 = Debug|x86
		{87EE7C2D-9970-460C-B32F-AC872FC5116F}.Release|Any CPU.ActiveCfg = Release|Any CPU
		{87EE7C2D-9970-460C-B32F-AC872FC5116F}.Release|Any CPU.Build.0 = Release|Any CPU
		{87EE7C2D-9970-460C-B32F-AC872FC5116F}.Release|x64.ActiveCfg = Release|x64
		{87EE7C2D-9970-460C-B32F-AC872FC5116F}.Release|x64.Build.0 = Release|x64
		{87EE7C2D-9970-460C-B32F-AC872FC5116F}.Release|x86.ActiveCfg = Release|x86
		{87EE7C2D-9970-460C-B32F-AC872FC5116F}.Release|x86.Build.0 = Release|x86
	EndGlobalSection
EndGlobal
