
Microsoft Visual Studio Solution File, Format Version 12.00
# Visual Studio 15
VisualStudioVersion = 15.0.26124.0
MinimumVisualStudioVersion = 15.0.26124.0
Project("{2150E333-8FDC-42A3-9474-1A3956D46DE8}") = "services", "services", "{41E0710B-667D-4301-8F87-2DCBC13F6895}"
EndProject
Project("{2150E333-8FDC-42A3-9474-1A3956D46DE8}") = "notes", "notes", "{3F45047F-E0D9-4D42-84F8-5CF088B5C9CD}"
EndProject
Project("{FAE04EC0-301F-11D3-BF4B-00C04F79EFBC}") = "Notes.Model", "services\notes\Notes.Model\Notes.Model.csproj", "{56F05425-9EB4-4017-BAD2-7FE8D95D7B96}"
EndProject
Project("{FAE04EC0-301F-11D3-BF4B-00C04F79EFBC}") = "Notes.Persistence", "services\notes\Notes.Persistence\Notes.Persistence.csproj", "{2FEDF86A-1FB4-43F0-9A18-1D1BE4519230}"
EndProject
Project("{FAE04EC0-301F-11D3-BF4B-00C04F79EFBC}") = "Notes.WebApi", "services\notes\Notes.WebApi\Notes.WebApi.csproj", "{FE9E20A1-5678-468B-828D-0CA9A77BD584}"
EndProject
Project("{2150E333-8FDC-42A3-9474-1A3956D46DE8}") = "message-broadcast", "message-broadcast", "{5ACD5342-DE91-4E32-A138-41A757164482}"
EndProject
Project("{FAE04EC0-301F-11D3-BF4B-00C04F79EFBC}") = "MessageBroadcast.WebApi", "services\message-broadcast\MessageBroadcast.WebApi\MessageBroadcast.WebApi.csproj", "{B7B8C7B0-2432-4EA4-BDA4-4F6E257DE0A5}"
EndProject
Global
	GlobalSection(SolutionConfigurationPlatforms) = preSolution
		Debug|Any CPU = Debug|Any CPU
		Debug|x64 = Debug|x64
		Debug|x86 = Debug|x86
		Release|Any CPU = Release|Any CPU
		Release|x64 = Release|x64
		Release|x86 = Release|x86
	EndGlobalSection
	GlobalSection(SolutionProperties) = preSolution
		HideSolutionNode = FALSE
	EndGlobalSection
	GlobalSection(ProjectConfigurationPlatforms) = postSolution
		{56F05425-9EB4-4017-BAD2-7FE8D95D7B96}.Debug|Any CPU.ActiveCfg = Debug|Any CPU
		{56F05425-9EB4-4017-BAD2-7FE8D95D7B96}.Debug|Any CPU.Build.0 = Debug|Any CPU
		{56F05425-9EB4-4017-BAD2-7FE8D95D7B96}.Debug|x64.ActiveCfg = Debug|x64
		{56F05425-9EB4-4017-BAD2-7FE8D95D7B96}.Debug|x64.Build.0 = Debug|x64
		{56F05425-9EB4-4017-BAD2-7FE8D95D7B96}.Debug|x86.ActiveCfg = Debug|x86
		{56F05425-9EB4-4017-BAD2-7FE8D95D7B96}.Debug|x86.Build.0 = Debug|x86
		{56F05425-9EB4-4017-BAD2-7FE8D95D7B96}.Release|Any CPU.ActiveCfg = Release|Any CPU
		{56F05425-9EB4-4017-BAD2-7FE8D95D7B96}.Release|Any CPU.Build.0 = Release|Any CPU
		{56F05425-9EB4-4017-BAD2-7FE8D95D7B96}.Release|x64.ActiveCfg = Release|x64
		{56F05425-9EB4-4017-BAD2-7FE8D95D7B96}.Release|x64.Build.0 = Release|x64
		{56F05425-9EB4-4017-BAD2-7FE8D95D7B96}.Release|x86.ActiveCfg = Release|x86
		{56F05425-9EB4-4017-BAD2-7FE8D95D7B96}.Release|x86.Build.0 = Release|x86
		{2FEDF86A-1FB4-43F0-9A18-1D1BE4519230}.Debug|Any CPU.ActiveCfg = Debug|Any CPU
		{2FEDF86A-1FB4-43F0-9A18-1D1BE4519230}.Debug|Any CPU.Build.0 = Debug|Any CPU
		{2FEDF86A-1FB4-43F0-9A18-1D1BE4519230}.Debug|x64.ActiveCfg = Debug|x64
		{2FEDF86A-1FB4-43F0-9A18-1D1BE4519230}.Debug|x64.Build.0 = Debug|x64
		{2FEDF86A-1FB4-43F0-9A18-1D1BE4519230}.Debug|x86.ActiveCfg = Debug|x86
		{2FEDF86A-1FB4-43F0-9A18-1D1BE4519230}.Debug|x86.Build.0 = Debug|x86
		{2FEDF86A-1FB4-43F0-9A18-1D1BE4519230}.Release|Any CPU.ActiveCfg = Release|Any CPU
		{2FEDF86A-1FB4-43F0-9A18-1D1BE4519230}.Release|Any CPU.Build.0 = Release|Any CPU
		{2FEDF86A-1FB4-43F0-9A18-1D1BE4519230}.Release|x64.ActiveCfg = Release|x64
		{2FEDF86A-1FB4-43F0-9A18-1D1BE4519230}.Release|x64.Build.0 = Release|x64
		{2FEDF86A-1FB4-43F0-9A18-1D1BE4519230}.Release|x86.ActiveCfg = Release|x86
		{2FEDF86A-1FB4-43F0-9A18-1D1BE4519230}.Release|x86.Build.0 = Release|x86
		{FE9E20A1-5678-468B-828D-0CA9A77BD584}.Debug|Any CPU.ActiveCfg = Debug|Any CPU
		{FE9E20A1-5678-468B-828D-0CA9A77BD584}.Debug|Any CPU.Build.0 = Debug|Any CPU
		{FE9E20A1-5678-468B-828D-0CA9A77BD584}.Debug|x64.ActiveCfg = Debug|x64
		{FE9E20A1-5678-468B-828D-0CA9A77BD584}.Debug|x64.Build.0 = Debug|x64
		{FE9E20A1-5678-468B-828D-0CA9A77BD584}.Debug|x86.ActiveCfg = Debug|x86
		{FE9E20A1-5678-468B-828D-0CA9A77BD584}.Debug|x86.Build.0 = Debug|x86
		{FE9E20A1-5678-468B-828D-0CA9A77BD584}.Release|Any CPU.ActiveCfg = Release|Any CPU
		{FE9E20A1-5678-468B-828D-0CA9A77BD584}.Release|Any CPU.Build.0 = Release|Any CPU
		{FE9E20A1-5678-468B-828D-0CA9A77BD584}.Release|x64.ActiveCfg = Release|x64
		{FE9E20A1-5678-468B-828D-0CA9A77BD584}.Release|x64.Build.0 = Release|x64
		{FE9E20A1-5678-468B-828D-0CA9A77BD584}.Release|x86.ActiveCfg = Release|x86
		{FE9E20A1-5678-468B-828D-0CA9A77BD584}.Release|x86.Build.0 = Release|x86
		{B7B8C7B0-2432-4EA4-BDA4-4F6E257DE0A5}.Debug|Any CPU.ActiveCfg = Debug|Any CPU
		{B7B8C7B0-2432-4EA4-BDA4-4F6E257DE0A5}.Debug|Any CPU.Build.0 = Debug|Any CPU
		{B7B8C7B0-2432-4EA4-BDA4-4F6E257DE0A5}.Debug|x64.ActiveCfg = Debug|x64
		{B7B8C7B0-2432-4EA4-BDA4-4F6E257DE0A5}.Debug|x64.Build.0 = Debug|x64
		{B7B8C7B0-2432-4EA4-BDA4-4F6E257DE0A5}.Debug|x86.ActiveCfg = Debug|x86
		{B7B8C7B0-2432-4EA4-BDA4-4F6E257DE0A5}.Debug|x86.Build.0 = Debug|x86
		{B7B8C7B0-2432-4EA4-BDA4-4F6E257DE0A5}.Release|Any CPU.ActiveCfg = Release|Any CPU
		{B7B8C7B0-2432-4EA4-BDA4-4F6E257DE0A5}.Release|Any CPU.Build.0 = Release|Any CPU
		{B7B8C7B0-2432-4EA4-BDA4-4F6E257DE0A5}.Release|x64.ActiveCfg = Release|x64
		{B7B8C7B0-2432-4EA4-BDA4-4F6E257DE0A5}.Release|x64.Build.0 = Release|x64
		{B7B8C7B0-2432-4EA4-BDA4-4F6E257DE0A5}.Release|x86.ActiveCfg = Release|x86
		{B7B8C7B0-2432-4EA4-BDA4-4F6E257DE0A5}.Release|x86.Build.0 = Release|x86
	EndGlobalSection
	GlobalSection(NestedProjects) = preSolution
		{3F45047F-E0D9-4D42-84F8-5CF088B5C9CD} = {41E0710B-667D-4301-8F87-2DCBC13F6895}
		{56F05425-9EB4-4017-BAD2-7FE8D95D7B96} = {3F45047F-E0D9-4D42-84F8-5CF088B5C9CD}
		{2FEDF86A-1FB4-43F0-9A18-1D1BE4519230} = {3F45047F-E0D9-4D42-84F8-5CF088B5C9CD}
		{FE9E20A1-5678-468B-828D-0CA9A77BD584} = {3F45047F-E0D9-4D42-84F8-5CF088B5C9CD}
		{5ACD5342-DE91-4E32-A138-41A757164482} = {41E0710B-667D-4301-8F87-2DCBC13F6895}
		{B7B8C7B0-2432-4EA4-BDA4-4F6E257DE0A5} = {5ACD5342-DE91-4E32-A138-41A757164482}
	EndGlobalSection
EndGlobal
